// !$*UTF8*$!
{
	archiveVersion = 1;
	classes = {
	};
	objectVersion = 51;
	objects = {

/* Begin PBXBuildFile section */
		2812B97126028B2B00A8E677 /* cieloo.jpeg in Resources */ = {isa = PBXBuildFile; fileRef = 2812B97026028B2B00A8E677 /* cieloo.jpeg */; };
		2812B9792602915600A8E677 /* cochera.jpeg in Resources */ = {isa = PBXBuildFile; fileRef = 2812B9782602915600A8E677 /* cochera.jpeg */; };
		2812B97E2602932500A8E677 /* coche.jpeg in Resources */ = {isa = PBXBuildFile; fileRef = 2812B97D2602932500A8E677 /* coche.jpeg */; };
		3609CBDCFF9E8C59175A63E1 /* Pods_integ.framework in Frameworks */ = {isa = PBXBuildFile; fileRef = C390B43E252808AF176EC005 /* Pods_integ.framework */; };
		6AE9E72226312C460057F16E /* NewUserController.swift in Sources */ = {isa = PBXBuildFile; fileRef = 6AE9E72126312C460057F16E /* NewUserController.swift */; };
		84A2AA24260E7AA2008104B5 /* HumedadViewController.swift in Sources */ = {isa = PBXBuildFile; fileRef = 84A2AA23260E7AA2008104B5 /* HumedadViewController.swift */; };
		84ACDB6D260CFA8F00ED5DF1 /* CocheraViewController.swift in Sources */ = {isa = PBXBuildFile; fileRef = 84ACDB6C260CFA8F00ED5DF1 /* CocheraViewController.swift */; };
		84ACDB6F260CFAA700ED5DF1 /* TempViewController.swift in Sources */ = {isa = PBXBuildFile; fileRef = 84ACDB6E260CFAA700ED5DF1 /* TempViewController.swift */; };
		84B90423260CF4B400E13550 /* LucesViewController.swift in Sources */ = {isa = PBXBuildFile; fileRef = 84B90422260CF4B400E13550 /* LucesViewController.swift */; };
		C82030E825E4234E006729DC /* icono.png in Resources */ = {isa = PBXBuildFile; fileRef = C82030E425E4234D006729DC /* icono.png */; };
		C82030E925E4234E006729DC /* SmartHome (1).jpg in Resources */ = {isa = PBXBuildFile; fileRef = C82030E525E4234D006729DC /* SmartHome (1).jpg */; };
		C82030EA25E4234E006729DC /* SmartHome (2).jpg in Resources */ = {isa = PBXBuildFile; fileRef = C82030E625E4234D006729DC /* SmartHome (2).jpg */; };
		C82030EB25E4234E006729DC /* SmartHome.jpg in Resources */ = {isa = PBXBuildFile; fileRef = C82030E725E4234D006729DC /* SmartHome.jpg */; };
		C8EC211525DD828C000018FB /* AppDelegate.swift in Sources */ = {isa = PBXBuildFile; fileRef = C8EC211425DD828C000018FB /* AppDelegate.swift */; };
		C8EC211725DD828C000018FB /* SceneDelegate.swift in Sources */ = {isa = PBXBuildFile; fileRef = C8EC211625DD828C000018FB /* SceneDelegate.swift */; };
		C8EC211925DD828C000018FB /* ViewController.swift in Sources */ = {isa = PBXBuildFile; fileRef = C8EC211825DD828C000018FB /* ViewController.swift */; };
		C8EC211C25DD828C000018FB /* Main.storyboard in Resources */ = {isa = PBXBuildFile; fileRef = C8EC211A25DD828C000018FB /* Main.storyboard */; };
		C8EC211E25DD829F000018FB /* Assets.xcassets in Resources */ = {isa = PBXBuildFile; fileRef = C8EC211D25DD829F000018FB /* Assets.xcassets */; };
		C8EC212125DD829F000018FB /* LaunchScreen.storyboard in Resources */ = {isa = PBXBuildFile; fileRef = C8EC211F25DD829F000018FB /* LaunchScreen.storyboard */; };
		C8EC212C25DD829F000018FB /* integTests.swift in Sources */ = {isa = PBXBuildFile; fileRef = C8EC212B25DD829F000018FB /* integTests.swift */; };
		C8EC213725DD829F000018FB /* integUITests.swift in Sources */ = {isa = PBXBuildFile; fileRef = C8EC213625DD829F000018FB /* integUITests.swift */; };
		D83DB12E26261A57005426F5 /* Foco.swift in Sources */ = {isa = PBXBuildFile; fileRef = D83DB12D26261A57005426F5 /* Foco.swift */; };
		D83DB13026261A9A005426F5 /* FocosCollectionViewController.swift in Sources */ = {isa = PBXBuildFile; fileRef = D83DB12F26261A9A005426F5 /* FocosCollectionViewController.swift */; };
		E85F74B5260A77B1009CDCE0 /* SideMenu.swift in Sources */ = {isa = PBXBuildFile; fileRef = E85F74B4260A77B0009CDCE0 /* SideMenu.swift */; };
		E85F74CC260A84BC009CDCE0 /* RegViewController.swift in Sources */ = {isa = PBXBuildFile; fileRef = E85F74CB260A84BC009CDCE0 /* RegViewController.swift */; };
/* End PBXBuildFile section */

/* Begin PBXContainerItemProxy section */
		C8EC212825DD829F000018FB /* PBXContainerItemProxy */ = {
			isa = PBXContainerItemProxy;
			containerPortal = C8EC210925DD828C000018FB /* Project object */;
			proxyType = 1;
			remoteGlobalIDString = C8EC211025DD828C000018FB;
			remoteInfo = integ;
		};
		C8EC213325DD829F000018FB /* PBXContainerItemProxy */ = {
			isa = PBXContainerItemProxy;
			containerPortal = C8EC210925DD828C000018FB /* Project object */;
			proxyType = 1;
			remoteGlobalIDString = C8EC211025DD828C000018FB;
			remoteInfo = integ;
		};
/* End PBXContainerItemProxy section */

/* Begin PBXFileReference section */
		2812B97026028B2B00A8E677 /* cieloo.jpeg */ = {isa = PBXFileReference; lastKnownFileType = image.jpeg; path = cieloo.jpeg; sourceTree = "<group>"; };
		2812B9782602915600A8E677 /* cochera.jpeg */ = {isa = PBXFileReference; lastKnownFileType = image.jpeg; path = cochera.jpeg; sourceTree = "<group>"; };
		2812B97D2602932500A8E677 /* coche.jpeg */ = {isa = PBXFileReference; lastKnownFileType = image.jpeg; path = coche.jpeg; sourceTree = "<group>"; };
		5B25138926180FB8108A28CE /* Pods-integ.release.xcconfig */ = {isa = PBXFileReference; includeInIndex = 1; lastKnownFileType = text.xcconfig; name = "Pods-integ.release.xcconfig"; path = "Target Support Files/Pods-integ/Pods-integ.release.xcconfig"; sourceTree = "<group>"; };
		6AE9E72126312C460057F16E /* NewUserController.swift */ = {isa = PBXFileReference; lastKnownFileType = sourcecode.swift; path = NewUserController.swift; sourceTree = "<group>"; };
		6DA7F80A720208AE68BA13FB /* Pods-integ.debug.xcconfig */ = {isa = PBXFileReference; includeInIndex = 1; lastKnownFileType = text.xcconfig; name = "Pods-integ.debug.xcconfig"; path = "Target Support Files/Pods-integ/Pods-integ.debug.xcconfig"; sourceTree = "<group>"; };
		84A2AA23260E7AA2008104B5 /* HumedadViewController.swift */ = {isa = PBXFileReference; lastKnownFileType = sourcecode.swift; path = HumedadViewController.swift; sourceTree = "<group>"; };
		84ACDB6C260CFA8F00ED5DF1 /* CocheraViewController.swift */ = {isa = PBXFileReference; lastKnownFileType = sourcecode.swift; path = CocheraViewController.swift; sourceTree = "<group>"; };
		84ACDB6E260CFAA700ED5DF1 /* TempViewController.swift */ = {isa = PBXFileReference; lastKnownFileType = sourcecode.swift; path = TempViewController.swift; sourceTree = "<group>"; };
		84B90422260CF4B400E13550 /* LucesViewController.swift */ = {isa = PBXFileReference; lastKnownFileType = sourcecode.swift; path = LucesViewController.swift; sourceTree = "<group>"; };
		C390B43E252808AF176EC005 /* Pods_integ.framework */ = {isa = PBXFileReference; explicitFileType = wrapper.framework; includeInIndex = 0; path = Pods_integ.framework; sourceTree = BUILT_PRODUCTS_DIR; };
		C82030E425E4234D006729DC /* icono.png */ = {isa = PBXFileReference; lastKnownFileType = image.png; path = icono.png; sourceTree = "<group>"; };
		C82030E525E4234D006729DC /* SmartHome (1).jpg */ = {isa = PBXFileReference; lastKnownFileType = image.jpeg; path = "SmartHome (1).jpg"; sourceTree = "<group>"; };
		C82030E625E4234D006729DC /* SmartHome (2).jpg */ = {isa = PBXFileReference; lastKnownFileType = image.jpeg; path = "SmartHome (2).jpg"; sourceTree = "<group>"; };
		C82030E725E4234D006729DC /* SmartHome.jpg */ = {isa = PBXFileReference; lastKnownFileType = image.jpeg; path = SmartHome.jpg; sourceTree = "<group>"; };
		C8EC211125DD828C000018FB /* integ.app */ = {isa = PBXFileReference; explicitFileType = wrapper.application; includeInIndex = 0; path = integ.app; sourceTree = BUILT_PRODUCTS_DIR; };
		C8EC211425DD828C000018FB /* AppDelegate.swift */ = {isa = PBXFileReference; lastKnownFileType = sourcecode.swift; path = AppDelegate.swift; sourceTree = "<group>"; };
		C8EC211625DD828C000018FB /* SceneDelegate.swift */ = {isa = PBXFileReference; lastKnownFileType = sourcecode.swift; path = SceneDelegate.swift; sourceTree = "<group>"; };
		C8EC211825DD828C000018FB /* ViewController.swift */ = {isa = PBXFileReference; lastKnownFileType = sourcecode.swift; path = ViewController.swift; sourceTree = "<group>"; };
		C8EC211B25DD828C000018FB /* Base */ = {isa = PBXFileReference; lastKnownFileType = file.storyboard; name = Base; path = Base.lproj/Main.storyboard; sourceTree = "<group>"; };
		C8EC211D25DD829F000018FB /* Assets.xcassets */ = {isa = PBXFileReference; lastKnownFileType = folder.assetcatalog; path = Assets.xcassets; sourceTree = "<group>"; };
		C8EC212025DD829F000018FB /* Base */ = {isa = PBXFileReference; lastKnownFileType = file.storyboard; name = Base; path = Base.lproj/LaunchScreen.storyboard; sourceTree = "<group>"; };
		C8EC212225DD829F000018FB /* Info.plist */ = {isa = PBXFileReference; lastKnownFileType = text.plist.xml; path = Info.plist; sourceTree = "<group>"; };
		C8EC212725DD829F000018FB /* integTests.xctest */ = {isa = PBXFileReference; explicitFileType = wrapper.cfbundle; includeInIndex = 0; path = integTests.xctest; sourceTree = BUILT_PRODUCTS_DIR; };
		C8EC212B25DD829F000018FB /* integTests.swift */ = {isa = PBXFileReference; lastKnownFileType = sourcecode.swift; path = integTests.swift; sourceTree = "<group>"; };
		C8EC212D25DD829F000018FB /* Info.plist */ = {isa = PBXFileReference; lastKnownFileType = text.plist.xml; path = Info.plist; sourceTree = "<group>"; };
		C8EC213225DD829F000018FB /* integUITests.xctest */ = {isa = PBXFileReference; explicitFileType = wrapper.cfbundle; includeInIndex = 0; path = integUITests.xctest; sourceTree = BUILT_PRODUCTS_DIR; };
		C8EC213625DD829F000018FB /* integUITests.swift */ = {isa = PBXFileReference; lastKnownFileType = sourcecode.swift; path = integUITests.swift; sourceTree = "<group>"; };
		C8EC213825DD829F000018FB /* Info.plist */ = {isa = PBXFileReference; lastKnownFileType = text.plist.xml; path = Info.plist; sourceTree = "<group>"; };
		D83DB12D26261A57005426F5 /* Foco.swift */ = {isa = PBXFileReference; lastKnownFileType = sourcecode.swift; path = Foco.swift; sourceTree = "<group>"; };
		D83DB12F26261A9A005426F5 /* FocosCollectionViewController.swift */ = {isa = PBXFileReference; lastKnownFileType = sourcecode.swift; path = FocosCollectionViewController.swift; sourceTree = "<group>"; };
		E85F74B4260A77B0009CDCE0 /* SideMenu.swift */ = {isa = PBXFileReference; lastKnownFileType = sourcecode.swift; path = SideMenu.swift; sourceTree = "<group>"; };
		E85F74CB260A84BC009CDCE0 /* RegViewController.swift */ = {isa = PBXFileReference; lastKnownFileType = sourcecode.swift; path = RegViewController.swift; sourceTree = "<group>"; };
/* End PBXFileReference section */

/* Begin PBXFrameworksBuildPhase section */
		C8EC210E25DD828C000018FB /* Frameworks */ = {
			isa = PBXFrameworksBuildPhase;
			buildActionMask = 2147483647;
			files = (
				3609CBDCFF9E8C59175A63E1 /* Pods_integ.framework in Frameworks */,
			);
			runOnlyForDeploymentPostprocessing = 0;
		};
		C8EC212425DD829F000018FB /* Frameworks */ = {
			isa = PBXFrameworksBuildPhase;
			buildActionMask = 2147483647;
			files = (
			);
			runOnlyForDeploymentPostprocessing = 0;
		};
		C8EC212F25DD829F000018FB /* Frameworks */ = {
			isa = PBXFrameworksBuildPhase;
			buildActionMask = 2147483647;
			files = (
			);
			runOnlyForDeploymentPostprocessing = 0;
		};
/* End PBXFrameworksBuildPhase section */

/* Begin PBXGroup section */
		53515C5FEF6DA5C1CF1F5900 /* Frameworks */ = {
			isa = PBXGroup;
			children = (
				C390B43E252808AF176EC005 /* Pods_integ.framework */,
			);
			name = Frameworks;
			sourceTree = "<group>";
		};
		A7D9590A328147769AD99FCA /* Pods */ = {
			isa = PBXGroup;
			children = (
				6DA7F80A720208AE68BA13FB /* Pods-integ.debug.xcconfig */,
				5B25138926180FB8108A28CE /* Pods-integ.release.xcconfig */,
			);
			path = Pods;
			sourceTree = "<group>";
		};
		C82030E325E4234D006729DC /* imagenes */ = {
			isa = PBXGroup;
			children = (
				2812B97D2602932500A8E677 /* coche.jpeg */,
				2812B97026028B2B00A8E677 /* cieloo.jpeg */,
				C82030E425E4234D006729DC /* icono.png */,
				2812B9782602915600A8E677 /* cochera.jpeg */,
				C82030E525E4234D006729DC /* SmartHome (1).jpg */,
				C82030E625E4234D006729DC /* SmartHome (2).jpg */,
				C82030E725E4234D006729DC /* SmartHome.jpg */,
			);
			path = imagenes;
			sourceTree = "<group>";
		};
		C8EC210825DD828C000018FB = {
			isa = PBXGroup;
			children = (
				C82030E325E4234D006729DC /* imagenes */,
				C8EC211325DD828C000018FB /* integ */,
				C8EC212A25DD829F000018FB /* integTests */,
				C8EC213525DD829F000018FB /* integUITests */,
				C8EC211225DD828C000018FB /* Products */,
				A7D9590A328147769AD99FCA /* Pods */,
				53515C5FEF6DA5C1CF1F5900 /* Frameworks */,
			);
			sourceTree = "<group>";
		};
		C8EC211225DD828C000018FB /* Products */ = {
			isa = PBXGroup;
			children = (
				C8EC211125DD828C000018FB /* integ.app */,
				C8EC212725DD829F000018FB /* integTests.xctest */,
				C8EC213225DD829F000018FB /* integUITests.xctest */,
			);
			name = Products;
			sourceTree = "<group>";
		};
		C8EC211325DD828C000018FB /* integ */ = {
			isa = PBXGroup;
			children = (
				C8EC211425DD828C000018FB /* AppDelegate.swift */,
				C8EC211625DD828C000018FB /* SceneDelegate.swift */,
				C8EC211825DD828C000018FB /* ViewController.swift */,
				C8EC211A25DD828C000018FB /* Main.storyboard */,
				6AE9E72126312C460057F16E /* NewUserController.swift */,
				C8EC211D25DD829F000018FB /* Assets.xcassets */,
				C8EC211F25DD829F000018FB /* LaunchScreen.storyboard */,
				C8EC212225DD829F000018FB /* Info.plist */,
				E85F74B4260A77B0009CDCE0 /* SideMenu.swift */,
				E85F74CB260A84BC009CDCE0 /* RegViewController.swift */,
				84B90422260CF4B400E13550 /* LucesViewController.swift */,
				84ACDB6C260CFA8F00ED5DF1 /* CocheraViewController.swift */,
				84ACDB6E260CFAA700ED5DF1 /* TempViewController.swift */,
				84A2AA23260E7AA2008104B5 /* HumedadViewController.swift */,
				D83DB12D26261A57005426F5 /* Foco.swift */,
				D83DB12F26261A9A005426F5 /* FocosCollectionViewController.swift */,
			);
			path = integ;
			sourceTree = "<group>";
		};
		C8EC212A25DD829F000018FB /* integTests */ = {
			isa = PBXGroup;
			children = (
				C8EC212B25DD829F000018FB /* integTests.swift */,
				C8EC212D25DD829F000018FB /* Info.plist */,
			);
			path = integTests;
			sourceTree = "<group>";
		};
		C8EC213525DD829F000018FB /* integUITests */ = {
			isa = PBXGroup;
			children = (
				C8EC213625DD829F000018FB /* integUITests.swift */,
				C8EC213825DD829F000018FB /* Info.plist */,
			);
			path = integUITests;
			sourceTree = "<group>";
		};
/* End PBXGroup section */

/* Begin PBXNativeTarget section */
		C8EC211025DD828C000018FB /* integ */ = {
			isa = PBXNativeTarget;
			buildConfigurationList = C8EC213B25DD829F000018FB /* Build configuration list for PBXNativeTarget "integ" */;
			buildPhases = (
				D6484A589ED94335BF541D63 /* [CP] Check Pods Manifest.lock */,
				C8EC210D25DD828C000018FB /* Sources */,
				C8EC210E25DD828C000018FB /* Frameworks */,
				C8EC210F25DD828C000018FB /* Resources */,
				6746A2ABE9286179E944FCE2 /* [CP] Embed Pods Frameworks */,
			);
			buildRules = (
			);
			dependencies = (
			);
			name = integ;
			productName = integ;
			productReference = C8EC211125DD828C000018FB /* integ.app */;
			productType = "com.apple.product-type.application";
		};
		C8EC212625DD829F000018FB /* integTests */ = {
			isa = PBXNativeTarget;
			buildConfigurationList = C8EC213E25DD829F000018FB /* Build configuration list for PBXNativeTarget "integTests" */;
			buildPhases = (
				C8EC212325DD829F000018FB /* Sources */,
				C8EC212425DD829F000018FB /* Frameworks */,
				C8EC212525DD829F000018FB /* Resources */,
			);
			buildRules = (
			);
			dependencies = (
				C8EC212925DD829F000018FB /* PBXTargetDependency */,
			);
			name = integTests;
			productName = integTests;
			productReference = C8EC212725DD829F000018FB /* integTests.xctest */;
			productType = "com.apple.product-type.bundle.unit-test";
		};
		C8EC213125DD829F000018FB /* integUITests */ = {
			isa = PBXNativeTarget;
			buildConfigurationList = C8EC214125DD829F000018FB /* Build configuration list for PBXNativeTarget "integUITests" */;
			buildPhases = (
				C8EC212E25DD829F000018FB /* Sources */,
				C8EC212F25DD829F000018FB /* Frameworks */,
				C8EC213025DD829F000018FB /* Resources */,
			);
			buildRules = (
			);
			dependencies = (
				C8EC213425DD829F000018FB /* PBXTargetDependency */,
			);
			name = integUITests;
			productName = integUITests;
			productReference = C8EC213225DD829F000018FB /* integUITests.xctest */;
			productType = "com.apple.product-type.bundle.ui-testing";
		};
/* End PBXNativeTarget section */

/* Begin PBXProject section */
		C8EC210925DD828C000018FB /* Project object */ = {
			isa = PBXProject;
			attributes = {
				LastSwiftUpdateCheck = 1130;
				LastUpgradeCheck = 1240;
				ORGANIZATIONNAME = mac02;
				TargetAttributes = {
					C8EC211025DD828C000018FB = {
						CreatedOnToolsVersion = 11.3.1;
					};
					C8EC212625DD829F000018FB = {
						CreatedOnToolsVersion = 11.3.1;
						TestTargetID = C8EC211025DD828C000018FB;
					};
					C8EC213125DD829F000018FB = {
						CreatedOnToolsVersion = 11.3.1;
						TestTargetID = C8EC211025DD828C000018FB;
					};
				};
			};
			buildConfigurationList = C8EC210C25DD828C000018FB /* Build configuration list for PBXProject "integ" */;
			compatibilityVersion = "Xcode 9.3";
			developmentRegion = en;
			hasScannedForEncodings = 0;
			knownRegions = (
				en,
				Base,
			);
			mainGroup = C8EC210825DD828C000018FB;
			productRefGroup = C8EC211225DD828C000018FB /* Products */;
			projectDirPath = "";
			projectRoot = "";
			targets = (
				C8EC211025DD828C000018FB /* integ */,
				C8EC212625DD829F000018FB /* integTests */,
				C8EC213125DD829F000018FB /* integUITests */,
			);
		};
/* End PBXProject section */

/* Begin PBXResourcesBuildPhase section */
		C8EC210F25DD828C000018FB /* Resources */ = {
			isa = PBXResourcesBuildPhase;
			buildActionMask = 2147483647;
			files = (
				2812B97E2602932500A8E677 /* coche.jpeg in Resources */,
				C82030E825E4234E006729DC /* icono.png in Resources */,
				C82030E925E4234E006729DC /* SmartHome (1).jpg in Resources */,
				C82030EB25E4234E006729DC /* SmartHome.jpg in Resources */,
				C8EC212125DD829F000018FB /* LaunchScreen.storyboard in Resources */,
				C8EC211E25DD829F000018FB /* Assets.xcassets in Resources */,
				C8EC211C25DD828C000018FB /* Main.storyboard in Resources */,
				2812B97126028B2B00A8E677 /* cieloo.jpeg in Resources */,
				C82030EA25E4234E006729DC /* SmartHome (2).jpg in Resources */,
				2812B9792602915600A8E677 /* cochera.jpeg in Resources */,
			);
			runOnlyForDeploymentPostprocessing = 0;
		};
		C8EC212525DD829F000018FB /* Resources */ = {
			isa = PBXResourcesBuildPhase;
			buildActionMask = 2147483647;
			files = (
			);
			runOnlyForDeploymentPostprocessing = 0;
		};
		C8EC213025DD829F000018FB /* Resources */ = {
			isa = PBXResourcesBuildPhase;
			buildActionMask = 2147483647;
			files = (
			);
			runOnlyForDeploymentPostprocessing = 0;
		};
/* End PBXResourcesBuildPhase section */

/* Begin PBXShellScriptBuildPhase section */
		6746A2ABE9286179E944FCE2 /* [CP] Embed Pods Frameworks */ = {
			isa = PBXShellScriptBuildPhase;
			buildActionMask = 2147483647;
			files = (
			);
			inputFileListPaths = (
				"${PODS_ROOT}/Target Support Files/Pods-integ/Pods-integ-frameworks-${CONFIGURATION}-input-files.xcfilelist",
			);
			name = "[CP] Embed Pods Frameworks";
			outputFileListPaths = (
				"${PODS_ROOT}/Target Support Files/Pods-integ/Pods-integ-frameworks-${CONFIGURATION}-output-files.xcfilelist",
			);
			runOnlyForDeploymentPostprocessing = 0;
			shellPath = /bin/sh;
			shellScript = "\"${PODS_ROOT}/Target Support Files/Pods-integ/Pods-integ-frameworks.sh\"\n";
			showEnvVarsInLog = 0;
		};
		D6484A589ED94335BF541D63 /* [CP] Check Pods Manifest.lock */ = {
			isa = PBXShellScriptBuildPhase;
			buildActionMask = 2147483647;
			files = (
			);
			inputFileListPaths = (
			);
			inputPaths = (
				"${PODS_PODFILE_DIR_PATH}/Podfile.lock",
				"${PODS_ROOT}/Manifest.lock",
			);
			name = "[CP] Check Pods Manifest.lock";
			outputFileListPaths = (
			);
			outputPaths = (
				"$(DERIVED_FILE_DIR)/Pods-integ-checkManifestLockResult.txt",
			);
			runOnlyForDeploymentPostprocessing = 0;
			shellPath = /bin/sh;
			shellScript = "diff \"${PODS_PODFILE_DIR_PATH}/Podfile.lock\" \"${PODS_ROOT}/Manifest.lock\" > /dev/null\nif [ $? != 0 ] ; then\n    # print error to STDERR\n    echo \"error: The sandbox is not in sync with the Podfile.lock. Run 'pod install' or update your CocoaPods installation.\" >&2\n    exit 1\nfi\n# This output is used by Xcode 'outputs' to avoid re-running this script phase.\necho \"SUCCESS\" > \"${SCRIPT_OUTPUT_FILE_0}\"\n";
			showEnvVarsInLog = 0;
		};
/* End PBXShellScriptBuildPhase section */

/* Begin PBXSourcesBuildPhase section */
		C8EC210D25DD828C000018FB /* Sources */ = {
			isa = PBXSourcesBuildPhase;
			buildActionMask = 2147483647;
			files = (
				84A2AA24260E7AA2008104B5 /* HumedadViewController.swift in Sources */,
				D83DB12E26261A57005426F5 /* Foco.swift in Sources */,
				84ACDB6F260CFAA700ED5DF1 /* TempViewController.swift in Sources */,
				C8EC211925DD828C000018FB /* ViewController.swift in Sources */,
				D83DB13026261A9A005426F5 /* FocosCollectionViewController.swift in Sources */,
				84B90423260CF4B400E13550 /* LucesViewController.swift in Sources */,
				84ACDB6D260CFA8F00ED5DF1 /* CocheraViewController.swift in Sources */,
				C8EC211525DD828C000018FB /* AppDelegate.swift in Sources */,
				E85F74CC260A84BC009CDCE0 /* RegViewController.swift in Sources */,
				E85F74B5260A77B1009CDCE0 /* SideMenu.swift in Sources */,
				C8EC211725DD828C000018FB /* SceneDelegate.swift in Sources */,
				6AE9E72226312C460057F16E /* NewUserController.swift in Sources */,
			);
			runOnlyForDeploymentPostprocessing = 0;
		};
		C8EC212325DD829F000018FB /* Sources */ = {
			isa = PBXSourcesBuildPhase;
			buildActionMask = 2147483647;
			files = (
				C8EC212C25DD829F000018FB /* integTests.swift in Sources */,
			);
			runOnlyForDeploymentPostprocessing = 0;
		};
		C8EC212E25DD829F000018FB /* Sources */ = {
			isa = PBXSourcesBuildPhase;
			buildActionMask = 2147483647;
			files = (
				C8EC213725DD829F000018FB /* integUITests.swift in Sources */,
			);
			runOnlyForDeploymentPostprocessing = 0;
		};
/* End PBXSourcesBuildPhase section */

/* Begin PBXTargetDependency section */
		C8EC212925DD829F000018FB /* PBXTargetDependency */ = {
			isa = PBXTargetDependency;
			target = C8EC211025DD828C000018FB /* integ */;
			targetProxy = C8EC212825DD829F000018FB /* PBXContainerItemProxy */;
		};
		C8EC213425DD829F000018FB /* PBXTargetDependency */ = {
			isa = PBXTargetDependency;
			target = C8EC211025DD828C000018FB /* integ */;
			targetProxy = C8EC213325DD829F000018FB /* PBXContainerItemProxy */;
		};
/* End PBXTargetDependency section */

/* Begin PBXVariantGroup section */
		C8EC211A25DD828C000018FB /* Main.storyboard */ = {
			isa = PBXVariantGroup;
			children = (
				C8EC211B25DD828C000018FB /* Base */,
			);
			name = Main.storyboard;
			sourceTree = "<group>";
		};
		C8EC211F25DD829F000018FB /* LaunchScreen.storyboard */ = {
			isa = PBXVariantGroup;
			children = (
				C8EC212025DD829F000018FB /* Base */,
			);
			name = LaunchScreen.storyboard;
			sourceTree = "<group>";
		};
/* End PBXVariantGroup section */

/* Begin XCBuildConfiguration section */
		C8EC213925DD829F000018FB /* Debug */ = {
			isa = XCBuildConfiguration;
			buildSettings = {
				ALWAYS_SEARCH_USER_PATHS = NO;
				CLANG_ANALYZER_NONNULL = YES;
				CLANG_ANALYZER_NUMBER_OBJECT_CONVERSION = YES_AGGRESSIVE;
				CLANG_CXX_LANGUAGE_STANDARD = "gnu++14";
				CLANG_CXX_LIBRARY = "libc++";
				CLANG_ENABLE_MODULES = YES;
				CLANG_ENABLE_OBJC_ARC = YES;
				CLANG_ENABLE_OBJC_WEAK = YES;
				CLANG_WARN_BLOCK_CAPTURE_AUTORELEASING = YES;
				CLANG_WARN_BOOL_CONVERSION = YES;
				CLANG_WARN_COMMA = YES;
				CLANG_WARN_CONSTANT_CONVERSION = YES;
				CLANG_WARN_DEPRECATED_OBJC_IMPLEMENTATIONS = YES;
				CLANG_WARN_DIRECT_OBJC_ISA_USAGE = YES_ERROR;
				CLANG_WARN_DOCUMENTATION_COMMENTS = YES;
				CLANG_WARN_EMPTY_BODY = YES;
				CLANG_WARN_ENUM_CONVERSION = YES;
				CLANG_WARN_INFINITE_RECURSION = YES;
				CLANG_WARN_INT_CONVERSION = YES;
				CLANG_WARN_NON_LITERAL_NULL_CONVERSION = YES;
				CLANG_WARN_OBJC_IMPLICIT_RETAIN_SELF = YES;
				CLANG_WARN_OBJC_LITERAL_CONVERSION = YES;
				CLANG_WARN_OBJC_ROOT_CLASS = YES_ERROR;
				CLANG_WARN_QUOTED_INCLUDE_IN_FRAMEWORK_HEADER = YES;
				CLANG_WARN_RANGE_LOOP_ANALYSIS = YES;
				CLANG_WARN_STRICT_PROTOTYPES = YES;
				CLANG_WARN_SUSPICIOUS_MOVE = YES;
				CLANG_WARN_UNGUARDED_AVAILABILITY = YES_AGGRESSIVE;
				CLANG_WARN_UNREACHABLE_CODE = YES;
				CLANG_WARN__DUPLICATE_METHOD_MATCH = YES;
				COPY_PHASE_STRIP = NO;
				DEBUG_INFORMATION_FORMAT = dwarf;
				ENABLE_STRICT_OBJC_MSGSEND = YES;
				ENABLE_TESTABILITY = YES;
				GCC_C_LANGUAGE_STANDARD = gnu11;
				GCC_DYNAMIC_NO_PIC = NO;
				GCC_NO_COMMON_BLOCKS = YES;
				GCC_OPTIMIZATION_LEVEL = 0;
				GCC_PREPROCESSOR_DEFINITIONS = (
					"DEBUG=1",
					"$(inherited)",
				);
				GCC_WARN_64_TO_32_BIT_CONVERSION = YES;
				GCC_WARN_ABOUT_RETURN_TYPE = YES_ERROR;
				GCC_WARN_UNDECLARED_SELECTOR = YES;
				GCC_WARN_UNINITIALIZED_AUTOS = YES_AGGRESSIVE;
				GCC_WARN_UNUSED_FUNCTION = YES;
				GCC_WARN_UNUSED_VARIABLE = YES;
				IPHONEOS_DEPLOYMENT_TARGET = 13.2;
				MTL_ENABLE_DEBUG_INFO = INCLUDE_SOURCE;
				MTL_FAST_MATH = YES;
				ONLY_ACTIVE_ARCH = YES;
				SDKROOT = iphoneos;
				SWIFT_ACTIVE_COMPILATION_CONDITIONS = DEBUG;
				SWIFT_OPTIMIZATION_LEVEL = "-Onone";
			};
			name = Debug;
		};
		C8EC213A25DD829F000018FB /* Release */ = {
			isa = XCBuildConfiguration;
			buildSettings = {
				ALWAYS_SEARCH_USER_PATHS = NO;
				CLANG_ANALYZER_NONNULL = YES;
				CLANG_ANALYZER_NUMBER_OBJECT_CONVERSION = YES_AGGRESSIVE;
				CLANG_CXX_LANGUAGE_STANDARD = "gnu++14";
				CLANG_CXX_LIBRARY = "libc++";
				CLANG_ENABLE_MODULES = YES;
				CLANG_ENABLE_OBJC_ARC = YES;
				CLANG_ENABLE_OBJC_WEAK = YES;
				CLANG_WARN_BLOCK_CAPTURE_AUTORELEASING = YES;
				CLANG_WARN_BOOL_CONVERSION = YES;
				CLANG_WARN_COMMA = YES;
				CLANG_WARN_CONSTANT_CONVERSION = YES;
				CLANG_WARN_DEPRECATED_OBJC_IMPLEMENTATIONS = YES;
				CLANG_WARN_DIRECT_OBJC_ISA_USAGE = YES_ERROR;
				CLANG_WARN_DOCUMENTATION_COMMENTS = YES;
				CLANG_WARN_EMPTY_BODY = YES;
				CLANG_WARN_ENUM_CONVERSION = YES;
				CLANG_WARN_INFINITE_RECURSION = YES;
				CLANG_WARN_INT_CONVERSION = YES;
				CLANG_WARN_NON_LITERAL_NULL_CONVERSION = YES;
				CLANG_WARN_OBJC_IMPLICIT_RETAIN_SELF = YES;
				CLANG_WARN_OBJC_LITERAL_CONVERSION = YES;
				CLANG_WARN_OBJC_ROOT_CLASS = YES_ERROR;
				CLANG_WARN_QUOTED_INCLUDE_IN_FRAMEWORK_HEADER = YES;
				CLANG_WARN_RANGE_LOOP_ANALYSIS = YES;
				CLANG_WARN_STRICT_PROTOTYPES = YES;
				CLANG_WARN_SUSPICIOUS_MOVE = YES;
				CLANG_WARN_UNGUARDED_AVAILABILITY = YES_AGGRESSIVE;
				CLANG_WARN_UNREACHABLE_CODE = YES;
				CLANG_WARN__DUPLICATE_METHOD_MATCH = YES;
				COPY_PHASE_STRIP = NO;
				DEBUG_INFORMATION_FORMAT = "dwarf-with-dsym";
				ENABLE_NS_ASSERTIONS = NO;
				ENABLE_STRICT_OBJC_MSGSEND = YES;
				GCC_C_LANGUAGE_STANDARD = gnu11;
				GCC_NO_COMMON_BLOCKS = YES;
				GCC_WARN_64_TO_32_BIT_CONVERSION = YES;
				GCC_WARN_ABOUT_RETURN_TYPE = YES_ERROR;
				GCC_WARN_UNDECLARED_SELECTOR = YES;
				GCC_WARN_UNINITIALIZED_AUTOS = YES_AGGRESSIVE;
				GCC_WARN_UNUSED_FUNCTION = YES;
				GCC_WARN_UNUSED_VARIABLE = YES;
				IPHONEOS_DEPLOYMENT_TARGET = 13.2;
				MTL_ENABLE_DEBUG_INFO = NO;
				MTL_FAST_MATH = YES;
				SDKROOT = iphoneos;
				SWIFT_COMPILATION_MODE = wholemodule;
				SWIFT_OPTIMIZATION_LEVEL = "-O";
				VALIDATE_PRODUCT = YES;
			};
			name = Release;
		};
		C8EC213C25DD829F000018FB /* Debug */ = {
			isa = XCBuildConfiguration;
			baseConfigurationReference = 6DA7F80A720208AE68BA13FB /* Pods-integ.debug.xcconfig */;
			buildSettings = {
				ASSETCATALOG_COMPILER_APPICON_NAME = AppIcon;
				CODE_SIGN_STYLE = Automatic;
				INFOPLIST_FILE = integ/Info.plist;
				LD_RUNPATH_SEARCH_PATHS = (
					"$(inherited)",
					"@executable_path/Frameworks",
				);
				PRODUCT_BUNDLE_IDENTIFIER = com.utt.integ;
				PRODUCT_NAME = "$(TARGET_NAME)";
				SWIFT_VERSION = 5.0;
				TARGETED_DEVICE_FAMILY = "1,2";
			};
			name = Debug;
		};
		C8EC213D25DD829F000018FB /* Release */ = {
			isa = XCBuildConfiguration;
			baseConfigurationReference = 5B25138926180FB8108A28CE /* Pods-integ.release.xcconfig */;
			buildSettings = {
				ASSETCATALOG_COMPILER_APPICON_NAME = AppIcon;
				CODE_SIGN_STYLE = Automatic;
				INFOPLIST_FILE = integ/Info.plist;
				LD_RUNPATH_SEARCH_PATHS = (
					"$(inherited)",
					"@executable_path/Frameworks",
				);
				PRODUCT_BUNDLE_IDENTIFIER = com.utt.integ;
				PRODUCT_NAME = "$(TARGET_NAME)";
				SWIFT_VERSION = 5.0;
				TARGETED_DEVICE_FAMILY = "1,2";
			};
			name = Release;
		};
		C8EC213F25DD829F000018FB /* Debug */ = {
			isa = XCBuildConfiguration;
			buildSettings = {
				ALWAYS_EMBED_SWIFT_STANDARD_LIBRARIES = YES;
				BUNDLE_LOADER = "$(TEST_HOST)";
				CODE_SIGN_STYLE = Automatic;
				INFOPLIST_FILE = integTests/Info.plist;
				IPHONEOS_DEPLOYMENT_TARGET = 13.2;
				LD_RUNPATH_SEARCH_PATHS = (
					"$(inherited)",
					"@executable_path/Frameworks",
					"@loader_path/Frameworks",
				);
				PRODUCT_BUNDLE_IDENTIFIER = com.utt.integTests;
				PRODUCT_NAME = "$(TARGET_NAME)";
				SWIFT_VERSION = 5.0;
				TARGETED_DEVICE_FAMILY = "1,2";
				TEST_HOST = "$(BUILT_PRODUCTS_DIR)/integ.app/integ";
			};
			name = Debug;
		};
		C8EC214025DD829F000018FB /* Release */ = {
			isa = XCBuildConfiguration;
			buildSettings = {
				ALWAYS_EMBED_SWIFT_STANDARD_LIBRARIES = YES;
				BUNDLE_LOADER = "$(TEST_HOST)";
				CODE_SIGN_STYLE = Automatic;
				INFOPLIST_FILE = integTests/Info.plist;
				IPHONEOS_DEPLOYMENT_TARGET = 13.2;
				LD_RUNPATH_SEARCH_PATHS = (
					"$(inherited)",
					"@executable_path/Frameworks",
					"@loader_path/Frameworks",
				);
				PRODUCT_BUNDLE_IDENTIFIER = com.utt.integTests;
				PRODUCT_NAME = "$(TARGET_NAME)";
				SWIFT_VERSION = 5.0;
				TARGETED_DEVICE_FAMILY = "1,2";
				TEST_HOST = "$(BUILT_PRODUCTS_DIR)/integ.app/integ";
			};
			name = Release;
		};
		C8EC214225DD829F000018FB /* Debug */ = {
			isa = XCBuildConfiguration;
			buildSettings = {
				ALWAYS_EMBED_SWIFT_STANDARD_LIBRARIES = YES;
				CODE_SIGN_STYLE = Automatic;
				INFOPLIST_FILE = integUITests/Info.plist;
				LD_RUNPATH_SEARCH_PATHS = (
					"$(inherited)",
					"@executable_path/Frameworks",
					"@loader_path/Frameworks",
				);
				PRODUCT_BUNDLE_IDENTIFIER = com.utt.integUITests;
				PRODUCT_NAME = "$(TARGET_NAME)";
				SWIFT_VERSION = 5.0;
				TARGETED_DEVICE_FAMILY = "1,2";
				TEST_TARGET_NAME = integ;
			};
			name = Debug;
		};
		C8EC214325DD829F000018FB /* Release */ = {
			isa = XCBuildConfiguration;
			buildSettings = {
				ALWAYS_EMBED_SWIFT_STANDARD_LIBRARIES = YES;
				CODE_SIGN_STYLE = Automatic;
				INFOPLIST_FILE = integUITests/Info.plist;
				LD_RUNPATH_SEARCH_PATHS = (
					"$(inherited)",
					"@executable_path/Frameworks",
					"@loader_path/Frameworks",
				);
				PRODUCT_BUNDLE_IDENTIFIER = com.utt.integUITests;
				PRODUCT_NAME = "$(TARGET_NAME)";
				SWIFT_VERSION = 5.0;
				TARGETED_DEVICE_FAMILY = "1,2";
				TEST_TARGET_NAME = integ;
			};
			name = Release;
		};
/* End XCBuildConfiguration section */

/* Begin XCConfigurationList section */
		C8EC210C25DD828C000018FB /* Build configuration list for PBXProject "integ" */ = {
			isa = XCConfigurationList;
			buildConfigurations = (
				C8EC213925DD829F000018FB /* Debug */,
				C8EC213A25DD829F000018FB /* Release */,
			);
			defaultConfigurationIsVisible = 0;
			defaultConfigurationName = Release;
		};
		C8EC213B25DD829F000018FB /* Build configuration list for PBXNativeTarget "integ" */ = {
			isa = XCConfigurationList;
			buildConfigurations = (
				C8EC213C25DD829F000018FB /* Debug */,
				C8EC213D25DD829F000018FB /* Release */,
			);
			defaultConfigurationIsVisible = 0;
			defaultConfigurationName = Release;
		};
		C8EC213E25DD829F000018FB /* Build configuration list for PBXNativeTarget "integTests" */ = {
			isa = XCConfigurationList;
			buildConfigurations = (
				C8EC213F25DD829F000018FB /* Debug */,
				C8EC214025DD829F000018FB /* Release */,
			);
			defaultConfigurationIsVisible = 0;
			defaultConfigurationName = Release;
		};
		C8EC214125DD829F000018FB /* Build configuration list for PBXNativeTarget "integUITests" */ = {
			isa = XCConfigurationList;
			buildConfigurations = (
				C8EC214225DD829F000018FB /* Debug */,
				C8EC214325DD829F000018FB /* Release */,
			);
			defaultConfigurationIsVisible = 0;
			defaultConfigurationName = Release;
		};
/* End XCConfigurationList section */
	};
	rootObject = C8EC210925DD828C000018FB /* Project object */;
}
